
Microsoft Visual Studio Solution File, Format Version 12.00
# Visual Studio 15
VisualStudioVersion = 15.0.26124.0
MinimumVisualStudioVersion = 15.0.26124.0
Project("{FAE04EC0-301F-11D3-BF4B-00C04F79EFBC}") = "API", "API\API.csproj", "{DB375E7D-BE38-46C1-8878-728D61CFC852}"
EndProject
Project("{FAE04EC0-301F-11D3-BF4B-00C04F79EFBC}") = "Application", "Application\Application.csproj", "{35E2FE07-3704-4715-8970-C88836E56A50}"
EndProject
Project("{FAE04EC0-301F-11D3-BF4B-00C04F79EFBC}") = "Domain", "Domain\Domain.csproj", "{8802E006-EE29-43B7-9F80-56A21D5C8F4F}"
EndProject
Project("{FAE04EC0-301F-11D3-BF4B-00C04F79EFBC}") = "Persistence", "Persistence\Persistence.csproj", "{21F60426-4C2C-477C-95E3-01E448867C45}"
EndProject
Global
	GlobalSection(SolutionConfigurationPlatforms) = preSolution
		Debug|Any CPU = Debug|Any CPU
		Debug|x64 = Debug|x64
		Debug|x86 = Debug|x86
		Release|Any CPU = Release|Any CPU
		Release|x64 = Release|x64
		Release|x86 = Release|x86
	EndGlobalSection
	GlobalSection(SolutionProperties) = preSolution
		HideSolutionNode = FALSE
	EndGlobalSection
	GlobalSection(ProjectConfigurationPlatforms) = postSolution
		{DB375E7D-BE38-46C1-8878-728D61CFC852}.Debug|Any CPU.ActiveCfg = Debug|Any CPU
		{DB375E7D-BE38-46C1-8878-728D61CFC852}.Debug|Any CPU.Build.0 = Debug|Any CPU
		{DB375E7D-BE38-46C1-8878-728D61CFC852}.Debug|x64.ActiveCfg = Debug|Any CPU
		{DB375E7D-BE38-46C1-8878-728D61CFC852}.Debug|x64.Build.0 = Debug|Any CPU
		{DB375E7D-BE38-46C1-8878-728D61CFC852}.Debug|x86.ActiveCfg = Debug|Any CPU
		{DB375E7D-BE38-46C1-8878-728D61CFC852}.Debug|x86.Build.0 = Debug|Any CPU
		{DB375E7D-BE38-46C1-8878-728D61CFC852}.Release|Any CPU.ActiveCfg = Release|Any CPU
		{DB375E7D-BE38-46C1-8878-728D61CFC852}.Release|Any CPU.Build.0 = Release|Any CPU
		{DB375E7D-BE38-46C1-8878-728D61CFC852}.Release|x64.ActiveCfg = Release|Any CPU
		{DB375E7D-BE38-46C1-8878-728D61CFC852}.Release|x64.Build.0 = Release|Any CPU
		{DB375E7D-BE38-46C1-8878-728D61CFC852}.Release|x86.ActiveCfg = Release|Any CPU
		{DB375E7D-BE38-46C1-8878-728D61CFC852}.Release|x86.Build.0 = Release|Any CPU
		{35E2FE07-3704-4715-8970-C88836E56A50}.Debug|Any CPU.ActiveCfg = Debug|Any CPU
		{35E2FE07-3704-4715-8970-C88836E56A50}.Debug|Any CPU.Build.0 = Debug|Any CPU
		{35E2FE07-3704-4715-8970-C88836E56A50}.Debug|x64.ActiveCfg = Debug|Any CPU
		{35E2FE07-3704-4715-8970-C88836E56A50}.Debug|x64.Build.0 = Debug|Any CPU
		{35E2FE07-3704-4715-8970-C88836E56A50}.Debug|x86.ActiveCfg = Debug|Any CPU
		{35E2FE07-3704-4715-8970-C88836E56A50}.Debug|x86.Build.0 = Debug|Any CPU
		{35E2FE07-3704-4715-8970-C88836E56A50}.Release|Any CPU.ActiveCfg = Release|Any CPU
		{35E2FE07-3704-4715-8970-C88836E56A50}.Release|Any CPU.Build.0 = Release|Any CPU
		{35E2FE07-3704-4715-8970-C88836E56A50}.Release|x64.ActiveCfg = Release|Any CPU
		{35E2FE07-3704-4715-8970-C88836E56A50}.Release|x64.Build.0 = Release|Any CPU
		{35E2FE07-3704-4715-8970-C88836E56A50}.Release|x86.ActiveCfg = Release|Any CPU
		{35E2FE07-3704-4715-8970-C88836E56A50}.Release|x86.Build.0 = Release|Any CPU
		{8802E006-EE29-43B7-9F80-56A21D5C8F4F}.Debug|Any CPU.ActiveCfg = Debug|Any CPU
		{8802E006-EE29-43B7-9F80-56A21D5C8F4F}.Debug|Any CPU.Build.0 = Debug|Any CPU
		{8802E006-EE29-43B7-9F80-56A21D5C8F4F}.Debug|x64.ActiveCfg = Debug|Any CPU
		{8802E006-EE29-43B7-9F80-56A21D5C8F4F}.Debug|x64.Build.0 = Debug|Any CPU
		{8802E006-EE29-43B7-9F80-56A21D5C8F4F}.Debug|x86.ActiveCfg = Debug|Any CPU
		{8802E006-EE29-43B7-9F80-56A21D5C8F4F}.Debug|x86.Build.0 = Debug|Any CPU
		{8802E006-EE29-43B7-9F80-56A21D5C8F4F}.Release|Any CPU.ActiveCfg = Release|Any CPU
		{8802E006-EE29-43B7-9F80-56A21D5C8F4F}.Release|Any CPU.Build.0 = Release|Any CPU
		{8802E006-EE29-43B7-9F80-56A21D5C8F4F}.Release|x64.ActiveCfg = Release|Any CPU
		{8802E006-EE29-43B7-9F80-56A21D5C8F4F}.Release|x64.Build.0 = Release|Any CPU
		{8802E006-EE29-43B7-9F80-56A21D5C8F4F}.Release|x86.ActiveCfg = Release|Any CPU
		{8802E006-EE29-43B7-9F80-56A21D5C8F4F}.Release|x86.Build.0 = Release|Any CPU
		{21F60426-4C2C-477C-95E3-01E448867C45}.Debug|Any CPU.ActiveCfg = Debug|Any CPU
		{21F60426-4C2C-477C-95E3-01E448867C45}.Debug|Any CPU.Build.0 = Debug|Any CPU
		{21F60426-4C2C-477C-95E3-01E448867C45}.Debug|x64.ActiveCfg = Debug|Any CPU
		{21F60426-4C2C-477C-95E3-01E448867C45}.Debug|x64.Build.0 = Debug|Any CPU
		{21F60426-4C2C-477C-95E3-01E448867C45}.Debug|x86.ActiveCfg = Debug|Any CPU
		{21F60426-4C2C-477C-95E3-01E448867C45}.Debug|x86.Build.0 = Debug|Any CPU
		{21F60426-4C2C-477C-95E3-01E448867C45}.Release|Any CPU.ActiveCfg = Release|Any CPU
		{21F60426-4C2C-477C-95E3-01E448867C45}.Release|Any CPU.Build.0 = Release|Any CPU
		{21F60426-4C2C-477C-95E3-01E448867C45}.Release|x64.ActiveCfg = Release|Any CPU
		{21F60426-4C2C-477C-95E3-01E448867C45}.Release|x64.Build.0 = Release|Any CPU
		{21F60426-4C2C-477C-95E3-01E448867C45}.Release|x86.ActiveCfg = Release|Any CPU
		{21F60426-4C2C-477C-95E3-01E448867C45}.Release|x86.Build.0 = Release|Any CPU
	EndGlobalSection
EndGlobal
